
Microsoft Visual Studio Solution File, Format Version 12.00
# Visual Studio 2015
Project("{FAE04EC0-301F-11D3-BF4B-00C04F79EFBC}") = "LD39.Plugins", "LD39.Plugins.csproj", "{A1136F79-A44A-B0FE-3C6D-529C86A19AEB}"
EndProject
Project("{FAE04EC0-301F-11D3-BF4B-00C04F79EFBC}") = "LD39", "LD39.csproj", "{F669B58E-5044-2217-9FFD-7292FFE812F5}"
EndProject
Project("{FAE04EC0-301F-11D3-BF4B-00C04F79EFBC}") = "LD39.Editor", "LD39.Editor.csproj", "{640DEF0C-70BC-9AB8-56AA-FB04544315FC}"
EndProject
Global
	GlobalSection(SolutionConfigurationPlatforms) = preSolution
		Debug|Any CPU = Debug|Any CPU
		Release|Any CPU = Release|Any CPU
	EndGlobalSection
	GlobalSection(ProjectConfigurationPlatforms) = postSolution
		{A1136F79-A44A-B0FE-3C6D-529C86A19AEB}.Debug|Any CPU.ActiveCfg = Debug|Any CPU
		{A1136F79-A44A-B0FE-3C6D-529C86A19AEB}.Debug|Any CPU.Build.0 = Debug|Any CPU
		{A1136F79-A44A-B0FE-3C6D-529C86A19AEB}.Release|Any CPU.ActiveCfg = Release|Any CPU
		{A1136F79-A44A-B0FE-3C6D-529C86A19AEB}.Release|Any CPU.Build.0 = Release|Any CPU
		{F669B58E-5044-2217-9FFD-7292FFE812F5}.Debug|Any CPU.ActiveCfg = Debug|Any CPU
		{F669B58E-5044-2217-9FFD-7292FFE812F5}.Debug|Any CPU.Build.0 = Debug|Any CPU
		{F669B58E-5044-2217-9FFD-7292FFE812F5}.Release|Any CPU.ActiveCfg = Release|Any CPU
		{F669B58E-5044-2217-9FFD-7292FFE812F5}.Release|Any CPU.Build.0 = Release|Any CPU
		{640DEF0C-70BC-9AB8-56AA-FB04544315FC}.Debug|Any CPU.ActiveCfg = Debug|Any CPU
		{640DEF0C-70BC-9AB8-56AA-FB04544315FC}.Debug|Any CPU.Build.0 = Debug|Any CPU
		{640DEF0C-70BC-9AB8-56AA-FB04544315FC}.Release|Any CPU.ActiveCfg = Release|Any CPU
		{640DEF0C-70BC-9AB8-56AA-FB04544315FC}.Release|Any CPU.Build.0 = Release|Any CPU
	EndGlobalSection
	GlobalSection(SolutionProperties) = preSolution
		HideSolutionNode = FALSE
	EndGlobalSection
EndGlobal
